
Microsoft Visual Studio Solution File, Format Version 12.00
# Visual Studio Version 16
VisualStudioVersion = 16.0.29905.134
MinimumVisualStudioVersion = 10.0.40219.1
Project("{9A19103F-16F7-4668-BE54-9A1E7A4F7556}") = "ESFA.DC.Summarisation.ReportService.Service", "ESFA.DC.Summarisation.ReportService.Service\ESFA.DC.Summarisation.ReportService.Service.csproj", "{42B182B7-94AA-49A3-89C6-FA9D143ECD87}"
EndProject
Project("{2150E333-8FDC-42A3-9474-1A3956D46DE8}") = "Solution Items", "Solution Items", "{9F94F5F6-8B34-42FE-915C-FA8D58FAEF2D}"
	ProjectSection(SolutionItems) = preProject
		..\azure-pipelines.yml = ..\azure-pipelines.yml
		..\README.md = ..\README.md
	EndProjectSection
EndProject
Project("{FAE04EC0-301F-11D3-BF4B-00C04F79EFBC}") = "ESFA.DC.Summarisation.ReportService.Service.Tests", "ESFA.DC.Summarisation.ReportService.Service.Tests\ESFA.DC.Summarisation.ReportService.Service.Tests.csproj", "{0ADA0B47-4D51-4CA0-B1A4-7306E6163146}"
EndProject
Global
	GlobalSection(SolutionConfigurationPlatforms) = preSolution
		Debug|Any CPU = Debug|Any CPU
		Release|Any CPU = Release|Any CPU
	EndGlobalSection
	GlobalSection(ProjectConfigurationPlatforms) = postSolution
		{42B182B7-94AA-49A3-89C6-FA9D143ECD87}.Debug|Any CPU.ActiveCfg = Debug|Any CPU
		{42B182B7-94AA-49A3-89C6-FA9D143ECD87}.Debug|Any CPU.Build.0 = Debug|Any CPU
		{42B182B7-94AA-49A3-89C6-FA9D143ECD87}.Release|Any CPU.ActiveCfg = Release|Any CPU
		{42B182B7-94AA-49A3-89C6-FA9D143ECD87}.Release|Any CPU.Build.0 = Release|Any CPU
		{0ADA0B47-4D51-4CA0-B1A4-7306E6163146}.Debug|Any CPU.ActiveCfg = Debug|Any CPU
		{0ADA0B47-4D51-4CA0-B1A4-7306E6163146}.Debug|Any CPU.Build.0 = Debug|Any CPU
		{0ADA0B47-4D51-4CA0-B1A4-7306E6163146}.Release|Any CPU.ActiveCfg = Release|Any CPU
		{0ADA0B47-4D51-4CA0-B1A4-7306E6163146}.Release|Any CPU.Build.0 = Release|Any CPU
	EndGlobalSection
	GlobalSection(SolutionProperties) = preSolution
		HideSolutionNode = FALSE
	EndGlobalSection
	GlobalSection(ExtensibilityGlobals) = postSolution
		SolutionGuid = {21B9EAB2-28B2-4679-9063-3882E019F388}
	EndGlobalSection
EndGlobal
